
Microsoft Visual Studio Solution File, Format Version 12.00
# Visual Studio Version 16
VisualStudioVersion = 16.0.29905.134
MinimumVisualStudioVersion = 10.0.40219.1
Project("{8BC9CEB8-8B4A-11D0-8D11-00A0C91BC942}") = "SPS-Emulator", "SPS-Emulator\SPS-Emulator.vcxproj", "{F71EB0AB-F15A-49B3-B817-B63926E401D2}"
EndProject
Global
	GlobalSection(SolutionConfigurationPlatforms) = preSolution
		Debug|x64 = Debug|x64
		Debug|x86 = Debug|x86
		Release|x64 = Release|x64
		Release|x86 = Release|x86
	EndGlobalSection
	GlobalSection(ProjectConfigurationPlatforms) = postSolution
		{F71EB0AB-F15A-49B3-B817-B63926E401D2}.Debug|x64.ActiveCfg = Debug|x64
		{F71EB0AB-F15A-49B3-B817-B63926E401D2}.Debug|x64.Build.0 = Debug|x64
		{F71EB0AB-F15A-49B3-B817-B63926E401D2}.Debug|x86.ActiveCfg = Debug|Win32
		{F71EB0AB-F15A-49B3-B817-B63926E401D2}.Debug|x86.Build.0 = Debug|Win32
		{F71EB0AB-F15A-49B3-B817-B63926E401D2}.Release|x64.ActiveCfg = Release|x64
		{F71EB0AB-F15A-49B3-B817-B63926E401D2}.Release|x64.Build.0 = Release|x64
		{F71EB0AB-F15A-49B3-B817-B63926E401D2}.Release|x86.ActiveCfg = Release|Win32
		{F71EB0AB-F15A-49B3-B817-B63926E401D2}.Release|x86.Build.0 = Release|Win32
	EndGlobalSection
	GlobalSection(SolutionProperties) = preSolution
		HideSolutionNode = FALSE
	EndGlobalSection
	GlobalSection(ExtensibilityGlobals) = postSolution
		SolutionGuid = {3399BBC0-1918-46D9-8A2C-EDCA31EE3059}
	EndGlobalSection
EndGlobal
